
Microsoft Visual Studio Solution File, Format Version 12.00
# Visual Studio Version 16
VisualStudioVersion = 16.0.30803.129
MinimumVisualStudioVersion = 10.0.40219.1
Project("{2150E333-8FDC-42A3-9474-1A3956D46DE8}") = "Src", "Src", "{ED387F53-E399-4035-8AB1-7BCBEB3EA254}"
EndProject
Project("{2150E333-8FDC-42A3-9474-1A3956D46DE8}") = "UWP", "UWP", "{E91D0DE1-8BEC-4ECA-B99A-560A7B87255D}"
EndProject
Project("{2150E333-8FDC-42A3-9474-1A3956D46DE8}") = "WPF", "WPF", "{E7BDEE9D-F2C8-4255-A7CE-845EFEE4EFC8}"
EndProject
Project("{2150E333-8FDC-42A3-9474-1A3956D46DE8}") = "Xamarin", "Xamarin", "{AF648268-8E54-4885-8DF1-2861049295B7}"
EndProject
Project("{FAE04EC0-301F-11D3-BF4B-00C04F79EFBC}") = "FChart.WPF", "FChart.WPF\FChart.WPF.csproj", "{E42316F0-0FE2-48BE-9A3D-47B9BF15D657}"
EndProject
Project("{FAE04EC0-301F-11D3-BF4B-00C04F79EFBC}") = "FChart.UWP", "FChart.UWP\FChart.UWP.csproj", "{EC171D44-FF38-4E5B-B15B-82501AF6E77D}"
EndProject
Project("{2150E333-8FDC-42A3-9474-1A3956D46DE8}") = "Forms", "Forms", "{E3EEA765-8FED-4510-939A-34A9F6F45E0D}"
EndProject
Project("{2150E333-8FDC-42A3-9474-1A3956D46DE8}") = "Native", "Native", "{DAF641B7-CA12-4CA8-AA0C-25FE3276784C}"
EndProject
Project("{FAE04EC0-301F-11D3-BF4B-00C04F79EFBC}") = "FChart.Mobile.Forms.UWP", "FChart.Mobile.Forms\FChart.Mobile.Forms.UWP\FChart.Mobile.Forms.UWP.csproj", "{826871C6-FD1F-4546-BFB3-C096B6BB03BB}"
EndProject
Project("{FAE04EC0-301F-11D3-BF4B-00C04F79EFBC}") = "FChart.Mobile.Forms.Android", "FChart.Mobile.Forms\FChart.Mobile.Forms.Android\FChart.Mobile.Forms.Android.csproj", "{177E5715-7E16-4298-BE07-137A1F56CB5F}"
EndProject
Project("{FAE04EC0-301F-11D3-BF4B-00C04F79EFBC}") = "FChart.Mobile.Forms.iOS", "FChart.Mobile.Forms\FChart.Mobile.Forms.iOS\FChart.Mobile.Forms.iOS.csproj", "{9D1C096F-608B-4AB4-9AAB-27AC75B7AAE3}"
EndProject
Project("{FAE04EC0-301F-11D3-BF4B-00C04F79EFBC}") = "FChart.Mobile.Forms", "FChart.Mobile.Forms\FChart.Mobile.Forms\FChart.Mobile.Forms.csproj", "{2D03AEC1-8ADE-4010-B8F4-E113DC856E83}"
EndProject
Global
	GlobalSection(SolutionConfigurationPlatforms) = preSolution
		Debug|Any CPU = Debug|Any CPU
		Debug|ARM = Debug|ARM
		Debug|ARM64 = Debug|ARM64
		Debug|iPhone = Debug|iPhone
		Debug|iPhoneSimulator = Debug|iPhoneSimulator
		Debug|x64 = Debug|x64
		Debug|x86 = Debug|x86
		Release|Any CPU = Release|Any CPU
		Release|ARM = Release|ARM
		Release|ARM64 = Release|ARM64
		Release|iPhone = Release|iPhone
		Release|iPhoneSimulator = Release|iPhoneSimulator
		Release|x64 = Release|x64
		Release|x86 = Release|x86
	EndGlobalSection
	GlobalSection(ProjectConfigurationPlatforms) = postSolution
		{E42316F0-0FE2-48BE-9A3D-47B9BF15D657}.Debug|Any CPU.ActiveCfg = Debug|Any CPU
		{E42316F0-0FE2-48BE-9A3D-47B9BF15D657}.Debug|Any CPU.Build.0 = Debug|Any CPU
		{E42316F0-0FE2-48BE-9A3D-47B9BF15D657}.Debug|ARM.ActiveCfg = Debug|Any CPU
		{E42316F0-0FE2-48BE-9A3D-47B9BF15D657}.Debug|ARM.Build.0 = Debug|Any CPU
		{E42316F0-0FE2-48BE-9A3D-47B9BF15D657}.Debug|ARM64.ActiveCfg = Debug|Any CPU
		{E42316F0-0FE2-48BE-9A3D-47B9BF15D657}.Debug|ARM64.Build.0 = Debug|Any CPU
		{E42316F0-0FE2-48BE-9A3D-47B9BF15D657}.Debug|iPhone.ActiveCfg = Debug|Any CPU
		{E42316F0-0FE2-48BE-9A3D-47B9BF15D657}.Debug|iPhone.Build.0 = Debug|Any CPU
		{E42316F0-0FE2-48BE-9A3D-47B9BF15D657}.Debug|iPhoneSimulator.ActiveCfg = Debug|Any CPU
		{E42316F0-0FE2-48BE-9A3D-47B9BF15D657}.Debug|iPhoneSimulator.Build.0 = Debug|Any CPU
		{E42316F0-0FE2-48BE-9A3D-47B9BF15D657}.Debug|x64.ActiveCfg = Debug|Any CPU
		{E42316F0-0FE2-48BE-9A3D-47B9BF15D657}.Debug|x64.Build.0 = Debug|Any CPU
		{E42316F0-0FE2-48BE-9A3D-47B9BF15D657}.Debug|x86.ActiveCfg = Debug|Any CPU
		{E42316F0-0FE2-48BE-9A3D-47B9BF15D657}.Debug|x86.Build.0 = Debug|Any CPU
		{E42316F0-0FE2-48BE-9A3D-47B9BF15D657}.Release|Any CPU.ActiveCfg = Release|Any CPU
		{E42316F0-0FE2-48BE-9A3D-47B9BF15D657}.Release|Any CPU.Build.0 = Release|Any CPU
		{E42316F0-0FE2-48BE-9A3D-47B9BF15D657}.Release|ARM.ActiveCfg = Release|Any CPU
		{E42316F0-0FE2-48BE-9A3D-47B9BF15D657}.Release|ARM.Build.0 = Release|Any CPU
		{E42316F0-0FE2-48BE-9A3D-47B9BF15D657}.Release|ARM64.ActiveCfg = Release|Any CPU
		{E42316F0-0FE2-48BE-9A3D-47B9BF15D657}.Release|ARM64.Build.0 = Release|Any CPU
		{E42316F0-0FE2-48BE-9A3D-47B9BF15D657}.Release|iPhone.ActiveCfg = Release|Any CPU
		{E42316F0-0FE2-48BE-9A3D-47B9BF15D657}.Release|iPhone.Build.0 = Release|Any CPU
		{E42316F0-0FE2-48BE-9A3D-47B9BF15D657}.Release|iPhoneSimulator.ActiveCfg = Release|Any CPU
		{E42316F0-0FE2-48BE-9A3D-47B9BF15D657}.Release|iPhoneSimulator.Build.0 = Release|Any CPU
		{E42316F0-0FE2-48BE-9A3D-47B9BF15D657}.Release|x64.ActiveCfg = Release|Any CPU
		{E42316F0-0FE2-48BE-9A3D-47B9BF15D657}.Release|x64.Build.0 = Release|Any CPU
		{E42316F0-0FE2-48BE-9A3D-47B9BF15D657}.Release|x86.ActiveCfg = Release|Any CPU
		{E42316F0-0FE2-48BE-9A3D-47B9BF15D657}.Release|x86.Build.0 = Release|Any CPU
		{EC171D44-FF38-4E5B-B15B-82501AF6E77D}.Debug|Any CPU.ActiveCfg = Debug|x86
		{EC171D44-FF38-4E5B-B15B-82501AF6E77D}.Debug|ARM.ActiveCfg = Debug|ARM
		{EC171D44-FF38-4E5B-B15B-82501AF6E77D}.Debug|ARM.Build.0 = Debug|ARM
		{EC171D44-FF38-4E5B-B15B-82501AF6E77D}.Debug|ARM.Deploy.0 = Debug|ARM
		{EC171D44-FF38-4E5B-B15B-82501AF6E77D}.Debug|ARM64.ActiveCfg = Debug|ARM64
		{EC171D44-FF38-4E5B-B15B-82501AF6E77D}.Debug|ARM64.Build.0 = Debug|ARM64
		{EC171D44-FF38-4E5B-B15B-82501AF6E77D}.Debug|ARM64.Deploy.0 = Debug|ARM64
		{EC171D44-FF38-4E5B-B15B-82501AF6E77D}.Debug|iPhone.ActiveCfg = Debug|x86
		{EC171D44-FF38-4E5B-B15B-82501AF6E77D}.Debug|iPhoneSimulator.ActiveCfg = Debug|x86
		{EC171D44-FF38-4E5B-B15B-82501AF6E77D}.Debug|x64.ActiveCfg = Debug|x64
		{EC171D44-FF38-4E5B-B15B-82501AF6E77D}.Debug|x64.Build.0 = Debug|x64
		{EC171D44-FF38-4E5B-B15B-82501AF6E77D}.Debug|x64.Deploy.0 = Debug|x64
		{EC171D44-FF38-4E5B-B15B-82501AF6E77D}.Debug|x86.ActiveCfg = Debug|x86
		{EC171D44-FF38-4E5B-B15B-82501AF6E77D}.Debug|x86.Build.0 = Debug|x86
		{EC171D44-FF38-4E5B-B15B-82501AF6E77D}.Debug|x86.Deploy.0 = Debug|x86
		{EC171D44-FF38-4E5B-B15B-82501AF6E77D}.Release|Any CPU.ActiveCfg = Release|x86
		{EC171D44-FF38-4E5B-B15B-82501AF6E77D}.Release|ARM.ActiveCfg = Release|ARM
		{EC171D44-FF38-4E5B-B15B-82501AF6E77D}.Release|ARM.Build.0 = Release|ARM
		{EC171D44-FF38-4E5B-B15B-82501AF6E77D}.Release|ARM.Deploy.0 = Release|ARM
		{EC171D44-FF38-4E5B-B15B-82501AF6E77D}.Release|ARM64.ActiveCfg = Release|ARM64
		{EC171D44-FF38-4E5B-B15B-82501AF6E77D}.Release|ARM64.Build.0 = Release|ARM64
		{EC171D44-FF38-4E5B-B15B-82501AF6E77D}.Release|ARM64.Deploy.0 = Release|ARM64
		{EC171D44-FF38-4E5B-B15B-82501AF6E77D}.Release|iPhone.ActiveCfg = Release|x86
		{EC171D44-FF38-4E5B-B15B-82501AF6E77D}.Release|iPhoneSimulator.ActiveCfg = Release|x86
		{EC171D44-FF38-4E5B-B15B-82501AF6E77D}.Release|x64.ActiveCfg = Release|x64
		{EC171D44-FF38-4E5B-B15B-82501AF6E77D}.Release|x64.Build.0 = Release|x64
		{EC171D44-FF38-4E5B-B15B-82501AF6E77D}.Release|x64.Deploy.0 = Release|x64
		{EC171D44-FF38-4E5B-B15B-82501AF6E77D}.Release|x86.ActiveCfg = Release|x86
		{EC171D44-FF38-4E5B-B15B-82501AF6E77D}.Release|x86.Build.0 = Release|x86
		{EC171D44-FF38-4E5B-B15B-82501AF6E77D}.Release|x86.Deploy.0 = Release|x86
		{826871C6-FD1F-4546-BFB3-C096B6BB03BB}.Debug|Any CPU.ActiveCfg = Debug|x86
		{826871C6-FD1F-4546-BFB3-C096B6BB03BB}.Debug|ARM.ActiveCfg = Debug|ARM
		{826871C6-FD1F-4546-BFB3-C096B6BB03BB}.Debug|ARM.Build.0 = Debug|ARM
		{826871C6-FD1F-4546-BFB3-C096B6BB03BB}.Debug|ARM.Deploy.0 = Debug|ARM
		{826871C6-FD1F-4546-BFB3-C096B6BB03BB}.Debug|ARM64.ActiveCfg = Debug|x86
		{826871C6-FD1F-4546-BFB3-C096B6BB03BB}.Debug|iPhone.ActiveCfg = Debug|x86
		{826871C6-FD1F-4546-BFB3-C096B6BB03BB}.Debug|iPhoneSimulator.ActiveCfg = Debug|x86
		{826871C6-FD1F-4546-BFB3-C096B6BB03BB}.Debug|x64.ActiveCfg = Debug|x64
		{826871C6-FD1F-4546-BFB3-C096B6BB03BB}.Debug|x64.Build.0 = Debug|x64
		{826871C6-FD1F-4546-BFB3-C096B6BB03BB}.Debug|x64.Deploy.0 = Debug|x64
		{826871C6-FD1F-4546-BFB3-C096B6BB03BB}.Debug|x86.ActiveCfg = Debug|x86
		{826871C6-FD1F-4546-BFB3-C096B6BB03BB}.Debug|x86.Build.0 = Debug|x86
		{826871C6-FD1F-4546-BFB3-C096B6BB03BB}.Debug|x86.Deploy.0 = Debug|x86
		{826871C6-FD1F-4546-BFB3-C096B6BB03BB}.Release|Any CPU.ActiveCfg = Release|x86
		{826871C6-FD1F-4546-BFB3-C096B6BB03BB}.Release|ARM.ActiveCfg = Release|ARM
		{826871C6-FD1F-4546-BFB3-C096B6BB03BB}.Release|ARM.Build.0 = Release|ARM
		{826871C6-FD1F-4546-BFB3-C096B6BB03BB}.Release|ARM.Deploy.0 = Release|ARM
		{826871C6-FD1F-4546-BFB3-C096B6BB03BB}.Release|ARM64.ActiveCfg = Release|x86
		{826871C6-FD1F-4546-BFB3-C096B6BB03BB}.Release|iPhone.ActiveCfg = Release|x86
		{826871C6-FD1F-4546-BFB3-C096B6BB03BB}.Release|iPhoneSimulator.ActiveCfg = Release|x86
		{826871C6-FD1F-4546-BFB3-C096B6BB03BB}.Release|x64.ActiveCfg = Release|x64
		{826871C6-FD1F-4546-BFB3-C096B6BB03BB}.Release|x64.Build.0 = Release|x64
		{826871C6-FD1F-4546-BFB3-C096B6BB03BB}.Release|x64.Deploy.0 = Release|x64
		{826871C6-FD1F-4546-BFB3-C096B6BB03BB}.Release|x86.ActiveCfg = Release|x86
		{826871C6-FD1F-4546-BFB3-C096B6BB03BB}.Release|x86.Build.0 = Release|x86
		{826871C6-FD1F-4546-BFB3-C096B6BB03BB}.Release|x86.Deploy.0 = Release|x86
		{177E5715-7E16-4298-BE07-137A1F56CB5F}.Debug|Any CPU.ActiveCfg = Debug|Any CPU
		{177E5715-7E16-4298-BE07-137A1F56CB5F}.Debug|Any CPU.Build.0 = Debug|Any CPU
		{177E5715-7E16-4298-BE07-137A1F56CB5F}.Debug|Any CPU.Deploy.0 = Debug|Any CPU
		{177E5715-7E16-4298-BE07-137A1F56CB5F}.Debug|ARM.ActiveCfg = Debug|Any CPU
		{177E5715-7E16-4298-BE07-137A1F56CB5F}.Debug|ARM.Build.0 = Debug|Any CPU
		{177E5715-7E16-4298-BE07-137A1F56CB5F}.Debug|ARM.Deploy.0 = Debug|Any CPU
		{177E5715-7E16-4298-BE07-137A1F56CB5F}.Debug|ARM64.ActiveCfg = Debug|Any CPU
		{177E5715-7E16-4298-BE07-137A1F56CB5F}.Debug|ARM64.Build.0 = Debug|Any CPU
		{177E5715-7E16-4298-BE07-137A1F56CB5F}.Debug|ARM64.Deploy.0 = Debug|Any CPU
		{177E5715-7E16-4298-BE07-137A1F56CB5F}.Debug|iPhone.ActiveCfg = Debug|Any CPU
		{177E5715-7E16-4298-BE07-137A1F56CB5F}.Debug|iPhone.Build.0 = Debug|Any CPU
		{177E5715-7E16-4298-BE07-137A1F56CB5F}.Debug|iPhone.Deploy.0 = Debug|Any CPU
		{177E5715-7E16-4298-BE07-137A1F56CB5F}.Debug|iPhoneSimulator.ActiveCfg = Debug|Any CPU
		{177E5715-7E16-4298-BE07-137A1F56CB5F}.Debug|iPhoneSimulator.Build.0 = Debug|Any CPU
		{177E5715-7E16-4298-BE07-137A1F56CB5F}.Debug|iPhoneSimulator.Deploy.0 = Debug|Any CPU
		{177E5715-7E16-4298-BE07-137A1F56CB5F}.Debug|x64.ActiveCfg = Debug|Any CPU
		{177E5715-7E16-4298-BE07-137A1F56CB5F}.Debug|x64.Build.0 = Debug|Any CPU
		{177E5715-7E16-4298-BE07-137A1F56CB5F}.Debug|x64.Deploy.0 = Debug|Any CPU
		{177E5715-7E16-4298-BE07-137A1F56CB5F}.Debug|x86.ActiveCfg = Debug|Any CPU
		{177E5715-7E16-4298-BE07-137A1F56CB5F}.Debug|x86.Build.0 = Debug|Any CPU
		{177E5715-7E16-4298-BE07-137A1F56CB5F}.Debug|x86.Deploy.0 = Debug|Any CPU
		{177E5715-7E16-4298-BE07-137A1F56CB5F}.Release|Any CPU.ActiveCfg = Release|Any CPU
		{177E5715-7E16-4298-BE07-137A1F56CB5F}.Release|Any CPU.Build.0 = Release|Any CPU
		{177E5715-7E16-4298-BE07-137A1F56CB5F}.Release|Any CPU.Deploy.0 = Release|Any CPU
		{177E5715-7E16-4298-BE07-137A1F56CB5F}.Release|ARM.ActiveCfg = Release|Any CPU
		{177E5715-7E16-4298-BE07-137A1F56CB5F}.Release|ARM.Build.0 = Release|Any CPU
		{177E5715-7E16-4298-BE07-137A1F56CB5F}.Release|ARM.Deploy.0 = Release|Any CPU
		{177E5715-7E16-4298-BE07-137A1F56CB5F}.Release|ARM64.ActiveCfg = Release|Any CPU
		{177E5715-7E16-4298-BE07-137A1F56CB5F}.Release|ARM64.Build.0 = Release|Any CPU
		{177E5715-7E16-4298-BE07-137A1F56CB5F}.Release|ARM64.Deploy.0 = Release|Any CPU
		{177E5715-7E16-4298-BE07-137A1F56CB5F}.Release|iPhone.ActiveCfg = Release|Any CPU
		{177E5715-7E16-4298-BE07-137A1F56CB5F}.Release|iPhone.Build.0 = Release|Any CPU
		{177E5715-7E16-4298-BE07-137A1F56CB5F}.Release|iPhone.Deploy.0 = Release|Any CPU
		{177E5715-7E16-4298-BE07-137A1F56CB5F}.Release|iPhoneSimulator.ActiveCfg = Release|Any CPU
		{177E5715-7E16-4298-BE07-137A1F56CB5F}.Release|iPhoneSimulator.Build.0 = Release|Any CPU
		{177E5715-7E16-4298-BE07-137A1F56CB5F}.Release|iPhoneSimulator.Deploy.0 = Release|Any CPU
		{177E5715-7E16-4298-BE07-137A1F56CB5F}.Release|x64.ActiveCfg = Release|Any CPU
		{177E5715-7E16-4298-BE07-137A1F56CB5F}.Release|x64.Build.0 = Release|Any CPU
		{177E5715-7E16-4298-BE07-137A1F56CB5F}.Release|x64.Deploy.0 = Release|Any CPU
		{177E5715-7E16-4298-BE07-137A1F56CB5F}.Release|x86.ActiveCfg = Release|Any CPU
		{177E5715-7E16-4298-BE07-137A1F56CB5F}.Release|x86.Build.0 = Release|Any CPU
		{177E5715-7E16-4298-BE07-137A1F56CB5F}.Release|x86.Deploy.0 = Release|Any CPU
		{9D1C096F-608B-4AB4-9AAB-27AC75B7AAE3}.Debug|Any CPU.ActiveCfg = Debug|iPhoneSimulator
		{9D1C096F-608B-4AB4-9AAB-27AC75B7AAE3}.Debug|ARM.ActiveCfg = Debug|iPhoneSimulator
		{9D1C096F-608B-4AB4-9AAB-27AC75B7AAE3}.Debug|ARM64.ActiveCfg = Debug|iPhoneSimulator
		{9D1C096F-608B-4AB4-9AAB-27AC75B7AAE3}.Debug|iPhone.ActiveCfg = Debug|iPhone
		{9D1C096F-608B-4AB4-9AAB-27AC75B7AAE3}.Debug|iPhone.Build.0 = Debug|iPhone
		{9D1C096F-608B-4AB4-9AAB-27AC75B7AAE3}.Debug|iPhoneSimulator.ActiveCfg = Debug|iPhoneSimulator
		{9D1C096F-608B-4AB4-9AAB-27AC75B7AAE3}.Debug|iPhoneSimulator.Build.0 = Debug|iPhoneSimulator
		{9D1C096F-608B-4AB4-9AAB-27AC75B7AAE3}.Debug|x64.ActiveCfg = Debug|iPhoneSimulator
		{9D1C096F-608B-4AB4-9AAB-27AC75B7AAE3}.Debug|x86.ActiveCfg = Debug|iPhoneSimulator
		{9D1C096F-608B-4AB4-9AAB-27AC75B7AAE3}.Release|Any CPU.ActiveCfg = Release|iPhoneSimulator
		{9D1C096F-608B-4AB4-9AAB-27AC75B7AAE3}.Release|ARM.ActiveCfg = Release|iPhoneSimulator
		{9D1C096F-608B-4AB4-9AAB-27AC75B7AAE3}.Release|ARM64.ActiveCfg = Release|iPhoneSimulator
		{9D1C096F-608B-4AB4-9AAB-27AC75B7AAE3}.Release|iPhone.ActiveCfg = Release|iPhone
		{9D1C096F-608B-4AB4-9AAB-27AC75B7AAE3}.Release|iPhone.Build.0 = Release|iPhone
		{9D1C096F-608B-4AB4-9AAB-27AC75B7AAE3}.Release|iPhoneSimulator.ActiveCfg = Release|iPhoneSimulator
		{9D1C096F-608B-4AB4-9AAB-27AC75B7AAE3}.Release|iPhoneSimulator.Build.0 = Release|iPhoneSimulator
		{9D1C096F-608B-4AB4-9AAB-27AC75B7AAE3}.Release|x64.ActiveCfg = Release|iPhoneSimulator
		{9D1C096F-608B-4AB4-9AAB-27AC75B7AAE3}.Release|x86.ActiveCfg = Release|iPhoneSimulator
		{2D03AEC1-8ADE-4010-B8F4-E113DC856E83}.Debug|Any CPU.ActiveCfg = Debug|Any CPU
		{2D03AEC1-8ADE-4010-B8F4-E113DC856E83}.Debug|Any CPU.Build.0 = Debug|Any CPU
		{2D03AEC1-8ADE-4010-B8F4-E113DC856E83}.Debug|ARM.ActiveCfg = Debug|Any CPU
		{2D03AEC1-8ADE-4010-B8F4-E113DC856E83}.Debug|ARM.Build.0 = Debug|Any CPU
		{2D03AEC1-8ADE-4010-B8F4-E113DC856E83}.Debug|ARM64.ActiveCfg = Debug|Any CPU
		{2D03AEC1-8ADE-4010-B8F4-E113DC856E83}.Debug|ARM64.Build.0 = Debug|Any CPU
		{2D03AEC1-8ADE-4010-B8F4-E113DC856E83}.Debug|iPhone.ActiveCfg = Debug|Any CPU
		{2D03AEC1-8ADE-4010-B8F4-E113DC856E83}.Debug|iPhone.Build.0 = Debug|Any CPU
		{2D03AEC1-8ADE-4010-B8F4-E113DC856E83}.Debug|iPhoneSimulator.ActiveCfg = Debug|Any CPU
		{2D03AEC1-8ADE-4010-B8F4-E113DC856E83}.Debug|iPhoneSimulator.Build.0 = Debug|Any CPU
		{2D03AEC1-8ADE-4010-B8F4-E113DC856E83}.Debug|x64.ActiveCfg = Debug|Any CPU
		{2D03AEC1-8ADE-4010-B8F4-E113DC856E83}.Debug|x64.Build.0 = Debug|Any CPU
		{2D03AEC1-8ADE-4010-B8F4-E113DC856E83}.Debug|x86.ActiveCfg = Debug|Any CPU
		{2D03AEC1-8ADE-4010-B8F4-E113DC856E83}.Debug|x86.Build.0 = Debug|Any CPU
		{2D03AEC1-8ADE-4010-B8F4-E113DC856E83}.Release|Any CPU.ActiveCfg = Release|Any CPU
		{2D03AEC1-8ADE-4010-B8F4-E113DC856E83}.Release|Any CPU.Build.0 = Release|Any CPU
		{2D03AEC1-8ADE-4010-B8F4-E113DC856E83}.Release|ARM.ActiveCfg = Release|Any CPU
		{2D03AEC1-8ADE-4010-B8F4-E113DC856E83}.Release|ARM.Build.0 = Release|Any CPU
		{2D03AEC1-8ADE-4010-B8F4-E113DC856E83}.Release|ARM64.ActiveCfg = Release|Any CPU
		{2D03AEC1-8ADE-4010-B8F4-E113DC856E83}.Release|ARM64.Build.0 = Release|Any CPU
		{2D03AEC1-8ADE-4010-B8F4-E113DC856E83}.Release|iPhone.ActiveCfg = Release|Any CPU
		{2D03AEC1-8ADE-4010-B8F4-E113DC856E83}.Release|iPhone.Build.0 = Release|Any CPU
		{2D03AEC1-8ADE-4010-B8F4-E113DC856E83}.Release|iPhoneSimulator.ActiveCfg = Release|Any CPU
		{2D03AEC1-8ADE-4010-B8F4-E113DC856E83}.Release|iPhoneSimulator.Build.0 = Release|Any CPU
		{2D03AEC1-8ADE-4010-B8F4-E113DC856E83}.Release|x64.ActiveCfg = Release|Any CPU
		{2D03AEC1-8ADE-4010-B8F4-E113DC856E83}.Release|x64.Build.0 = Release|Any CPU
		{2D03AEC1-8ADE-4010-B8F4-E113DC856E83}.Release|x86.ActiveCfg = Release|Any CPU
		{2D03AEC1-8ADE-4010-B8F4-E113DC856E83}.Release|x86.Build.0 = Release|Any CPU
	EndGlobalSection
	GlobalSection(SolutionProperties) = preSolution
		HideSolutionNode = FALSE
	EndGlobalSection
	GlobalSection(NestedProjects) = preSolution
		{E91D0DE1-8BEC-4ECA-B99A-560A7B87255D} = {ED387F53-E399-4035-8AB1-7BCBEB3EA254}
		{E7BDEE9D-F2C8-4255-A7CE-845EFEE4EFC8} = {ED387F53-E399-4035-8AB1-7BCBEB3EA254}
		{AF648268-8E54-4885-8DF1-2861049295B7} = {ED387F53-E399-4035-8AB1-7BCBEB3EA254}
		{E42316F0-0FE2-48BE-9A3D-47B9BF15D657} = {E7BDEE9D-F2C8-4255-A7CE-845EFEE4EFC8}
		{EC171D44-FF38-4E5B-B15B-82501AF6E77D} = {E91D0DE1-8BEC-4ECA-B99A-560A7B87255D}
		{E3EEA765-8FED-4510-939A-34A9F6F45E0D} = {AF648268-8E54-4885-8DF1-2861049295B7}
		{DAF641B7-CA12-4CA8-AA0C-25FE3276784C} = {AF648268-8E54-4885-8DF1-2861049295B7}
		{826871C6-FD1F-4546-BFB3-C096B6BB03BB} = {E3EEA765-8FED-4510-939A-34A9F6F45E0D}
		{177E5715-7E16-4298-BE07-137A1F56CB5F} = {E3EEA765-8FED-4510-939A-34A9F6F45E0D}
		{9D1C096F-608B-4AB4-9AAB-27AC75B7AAE3} = {E3EEA765-8FED-4510-939A-34A9F6F45E0D}
		{2D03AEC1-8ADE-4010-B8F4-E113DC856E83} = {E3EEA765-8FED-4510-939A-34A9F6F45E0D}
	EndGlobalSection
	GlobalSection(ExtensibilityGlobals) = postSolution
		SolutionGuid = {50970438-A51B-4443-AA6B-9AA93AC3EC7D}
	EndGlobalSection
EndGlobal
