
Microsoft Visual Studio Solution File, Format Version 12.00
# Visual Studio Version 16
VisualStudioVersion = 16.0.30803.129
MinimumVisualStudioVersion = 10.0.40219.1
Project("{2150E333-8FDC-42A3-9474-1A3956D46DE8}") = "Src", "Src", "{ED387F53-E399-4035-8AB1-7BCBEB3EA254}"
EndProject
Project("{2150E333-8FDC-42A3-9474-1A3956D46DE8}") = "UWP", "UWP", "{E91D0DE1-8BEC-4ECA-B99A-560A7B87255D}"
EndProject
Project("{2150E333-8FDC-42A3-9474-1A3956D46DE8}") = "WPF", "WPF", "{E7BDEE9D-F2C8-4255-A7CE-845EFEE4EFC8}"
EndProject
Project("{2150E333-8FDC-42A3-9474-1A3956D46DE8}") = "Xamarin", "Xamarin", "{AF648268-8E54-4885-8DF1-2861049295B7}"
EndProject
Project("{FAE04EC0-301F-11D3-BF4B-00C04F79EFBC}") = "FChart.WPF", "FChart.WPF\FChart.WPF.csproj", "{E42316F0-0FE2-48BE-9A3D-47B9BF15D657}"
EndProject
Project("{FAE04EC0-301F-11D3-BF4B-00C04F79EFBC}") = "FChart.UWP", "FChart.UWP\FChart.UWP.csproj", "{EC171D44-FF38-4E5B-B15B-82501AF6E77D}"
EndProject
Global
	GlobalSection(SolutionConfigurationPlatforms) = preSolution
		Debug|Any CPU = Debug|Any CPU
		Debug|ARM = Debug|ARM
		Debug|ARM64 = Debug|ARM64
		Debug|x64 = Debug|x64
		Debug|x86 = Debug|x86
		Release|Any CPU = Release|Any CPU
		Release|ARM = Release|ARM
		Release|ARM64 = Release|ARM64
		Release|x64 = Release|x64
		Release|x86 = Release|x86
	EndGlobalSection
	GlobalSection(ProjectConfigurationPlatforms) = postSolution
		{E42316F0-0FE2-48BE-9A3D-47B9BF15D657}.Debug|Any CPU.ActiveCfg = Debug|Any CPU
		{E42316F0-0FE2-48BE-9A3D-47B9BF15D657}.Debug|Any CPU.Build.0 = Debug|Any CPU
		{E42316F0-0FE2-48BE-9A3D-47B9BF15D657}.Debug|ARM.ActiveCfg = Debug|Any CPU
		{E42316F0-0FE2-48BE-9A3D-47B9BF15D657}.Debug|ARM.Build.0 = Debug|Any CPU
		{E42316F0-0FE2-48BE-9A3D-47B9BF15D657}.Debug|ARM64.ActiveCfg = Debug|Any CPU
		{E42316F0-0FE2-48BE-9A3D-47B9BF15D657}.Debug|ARM64.Build.0 = Debug|Any CPU
		{E42316F0-0FE2-48BE-9A3D-47B9BF15D657}.Debug|x64.ActiveCfg = Debug|Any CPU
		{E42316F0-0FE2-48BE-9A3D-47B9BF15D657}.Debug|x64.Build.0 = Debug|Any CPU
		{E42316F0-0FE2-48BE-9A3D-47B9BF15D657}.Debug|x86.ActiveCfg = Debug|Any CPU
		{E42316F0-0FE2-48BE-9A3D-47B9BF15D657}.Debug|x86.Build.0 = Debug|Any CPU
		{E42316F0-0FE2-48BE-9A3D-47B9BF15D657}.Release|Any CPU.ActiveCfg = Release|Any CPU
		{E42316F0-0FE2-48BE-9A3D-47B9BF15D657}.Release|Any CPU.Build.0 = Release|Any CPU
		{E42316F0-0FE2-48BE-9A3D-47B9BF15D657}.Release|ARM.ActiveCfg = Release|Any CPU
		{E42316F0-0FE2-48BE-9A3D-47B9BF15D657}.Release|ARM.Build.0 = Release|Any CPU
		{E42316F0-0FE2-48BE-9A3D-47B9BF15D657}.Release|ARM64.ActiveCfg = Release|Any CPU
		{E42316F0-0FE2-48BE-9A3D-47B9BF15D657}.Release|ARM64.Build.0 = Release|Any CPU
		{E42316F0-0FE2-48BE-9A3D-47B9BF15D657}.Release|x64.ActiveCfg = Release|Any CPU
		{E42316F0-0FE2-48BE-9A3D-47B9BF15D657}.Release|x64.Build.0 = Release|Any CPU
		{E42316F0-0FE2-48BE-9A3D-47B9BF15D657}.Release|x86.ActiveCfg = Release|Any CPU
		{E42316F0-0FE2-48BE-9A3D-47B9BF15D657}.Release|x86.Build.0 = Release|Any CPU
		{EC171D44-FF38-4E5B-B15B-82501AF6E77D}.Debug|Any CPU.ActiveCfg = Debug|x86
		{EC171D44-FF38-4E5B-B15B-82501AF6E77D}.Debug|ARM.ActiveCfg = Debug|ARM
		{EC171D44-FF38-4E5B-B15B-82501AF6E77D}.Debug|ARM.Build.0 = Debug|ARM
		{EC171D44-FF38-4E5B-B15B-82501AF6E77D}.Debug|ARM.Deploy.0 = Debug|ARM
		{EC171D44-FF38-4E5B-B15B-82501AF6E77D}.Debug|ARM64.ActiveCfg = Debug|ARM64
		{EC171D44-FF38-4E5B-B15B-82501AF6E77D}.Debug|ARM64.Build.0 = Debug|ARM64
		{EC171D44-FF38-4E5B-B15B-82501AF6E77D}.Debug|ARM64.Deploy.0 = Debug|ARM64
		{EC171D44-FF38-4E5B-B15B-82501AF6E77D}.Debug|x64.ActiveCfg = Debug|x64
		{EC171D44-FF38-4E5B-B15B-82501AF6E77D}.Debug|x64.Build.0 = Debug|x64
		{EC171D44-FF38-4E5B-B15B-82501AF6E77D}.Debug|x64.Deploy.0 = Debug|x64
		{EC171D44-FF38-4E5B-B15B-82501AF6E77D}.Debug|x86.ActiveCfg = Debug|x86
		{EC171D44-FF38-4E5B-B15B-82501AF6E77D}.Debug|x86.Build.0 = Debug|x86
		{EC171D44-FF38-4E5B-B15B-82501AF6E77D}.Debug|x86.Deploy.0 = Debug|x86
		{EC171D44-FF38-4E5B-B15B-82501AF6E77D}.Release|Any CPU.ActiveCfg = Release|x86
		{EC171D44-FF38-4E5B-B15B-82501AF6E77D}.Release|ARM.ActiveCfg = Release|ARM
		{EC171D44-FF38-4E5B-B15B-82501AF6E77D}.Release|ARM.Build.0 = Release|ARM
		{EC171D44-FF38-4E5B-B15B-82501AF6E77D}.Release|ARM.Deploy.0 = Release|ARM
		{EC171D44-FF38-4E5B-B15B-82501AF6E77D}.Release|ARM64.ActiveCfg = Release|ARM64
		{EC171D44-FF38-4E5B-B15B-82501AF6E77D}.Release|ARM64.Build.0 = Release|ARM64
		{EC171D44-FF38-4E5B-B15B-82501AF6E77D}.Release|ARM64.Deploy.0 = Release|ARM64
		{EC171D44-FF38-4E5B-B15B-82501AF6E77D}.Release|x64.ActiveCfg = Release|x64
		{EC171D44-FF38-4E5B-B15B-82501AF6E77D}.Release|x64.Build.0 = Release|x64
		{EC171D44-FF38-4E5B-B15B-82501AF6E77D}.Release|x64.Deploy.0 = Release|x64
		{EC171D44-FF38-4E5B-B15B-82501AF6E77D}.Release|x86.ActiveCfg = Release|x86
		{EC171D44-FF38-4E5B-B15B-82501AF6E77D}.Release|x86.Build.0 = Release|x86
		{EC171D44-FF38-4E5B-B15B-82501AF6E77D}.Release|x86.Deploy.0 = Release|x86
	EndGlobalSection
	GlobalSection(SolutionProperties) = preSolution
		HideSolutionNode = FALSE
	EndGlobalSection
	GlobalSection(NestedProjects) = preSolution
		{E91D0DE1-8BEC-4ECA-B99A-560A7B87255D} = {ED387F53-E399-4035-8AB1-7BCBEB3EA254}
		{E7BDEE9D-F2C8-4255-A7CE-845EFEE4EFC8} = {ED387F53-E399-4035-8AB1-7BCBEB3EA254}
		{AF648268-8E54-4885-8DF1-2861049295B7} = {ED387F53-E399-4035-8AB1-7BCBEB3EA254}
		{E42316F0-0FE2-48BE-9A3D-47B9BF15D657} = {E7BDEE9D-F2C8-4255-A7CE-845EFEE4EFC8}
		{EC171D44-FF38-4E5B-B15B-82501AF6E77D} = {E91D0DE1-8BEC-4ECA-B99A-560A7B87255D}
	EndGlobalSection
	GlobalSection(ExtensibilityGlobals) = postSolution
		SolutionGuid = {50970438-A51B-4443-AA6B-9AA93AC3EC7D}
	EndGlobalSection
EndGlobal
