
Microsoft Visual Studio Solution File, Format Version 12.00
# Visual Studio Version 16
VisualStudioVersion = 16.0.30803.129
MinimumVisualStudioVersion = 10.0.40219.1
Project("{2150E333-8FDC-42A3-9474-1A3956D46DE8}") = "Src", "Src", "{ED387F53-E399-4035-8AB1-7BCBEB3EA254}"
EndProject
Project("{2150E333-8FDC-42A3-9474-1A3956D46DE8}") = "UWP", "UWP", "{E91D0DE1-8BEC-4ECA-B99A-560A7B87255D}"
EndProject
Project("{2150E333-8FDC-42A3-9474-1A3956D46DE8}") = "WPF", "WPF", "{E7BDEE9D-F2C8-4255-A7CE-845EFEE4EFC8}"
EndProject
Project("{2150E333-8FDC-42A3-9474-1A3956D46DE8}") = "Xamarin", "Xamarin", "{AF648268-8E54-4885-8DF1-2861049295B7}"
EndProject
Project("{2150E333-8FDC-42A3-9474-1A3956D46DE8}") = "Forms", "Forms", "{E3EEA765-8FED-4510-939A-34A9F6F45E0D}"
EndProject
Project("{2150E333-8FDC-42A3-9474-1A3956D46DE8}") = "Native", "Native", "{DAF641B7-CA12-4CA8-AA0C-25FE3276784C}"
EndProject
Project("{FAE04EC0-301F-11D3-BF4B-00C04F79EFBC}") = "FChart.Mobile.Android", "src\Xamarin\Forms\FChart.Mobile\FChart.Mobile.Android\FChart.Mobile.Android.csproj", "{C6D81C36-1953-47A2-A743-C407E15C9C4D}"
EndProject
Project("{FAE04EC0-301F-11D3-BF4B-00C04F79EFBC}") = "FChart.Mobile.iOS", "src\Xamarin\Forms\FChart.Mobile\FChart.Mobile.iOS\FChart.Mobile.iOS.csproj", "{026E21EE-4F64-4B45-892E-C40D434DBF80}"
EndProject
Project("{FAE04EC0-301F-11D3-BF4B-00C04F79EFBC}") = "FChart.Mobile", "src\Xamarin\Forms\FChart.Mobile\FChart.Mobile\FChart.Mobile.csproj", "{0592041E-AA6C-4A15-B674-0AB284C2C58B}"
EndProject
Project("{FAE04EC0-301F-11D3-BF4B-00C04F79EFBC}") = "FChart.Android", "src\Xamarin\Native\FChart.Android\FChart.Android.csproj", "{011B74D7-3AEE-4793-B902-97EAD923829A}"
EndProject
Project("{FAE04EC0-301F-11D3-BF4B-00C04F79EFBC}") = "FChart.IOS", "src\Xamarin\Native\FChart.IOS\FChart.IOS.csproj", "{DE320000-30C2-476F-ABF8-28AA7A827A37}"
EndProject
Project("{FAE04EC0-301F-11D3-BF4B-00C04F79EFBC}") = "FChart.WPF", "src\WPF\FChart.WPF\FChart.WPF.csproj", "{973170DE-AEE8-494A-8410-FF9B8910BD78}"
EndProject
Project("{FAE04EC0-301F-11D3-BF4B-00C04F79EFBC}") = "FChart.UWP", "src\UWP\FChart.UWP\FChart.UWP.csproj", "{B7DB361A-EF70-4782-AA77-84F205D224A5}"
EndProject
Global
	GlobalSection(SolutionConfigurationPlatforms) = preSolution
		Debug|Any CPU = Debug|Any CPU
		Debug|ARM = Debug|ARM
		Debug|ARM64 = Debug|ARM64
		Debug|iPhone = Debug|iPhone
		Debug|iPhoneSimulator = Debug|iPhoneSimulator
		Debug|x64 = Debug|x64
		Debug|x86 = Debug|x86
		Release|Any CPU = Release|Any CPU
		Release|ARM = Release|ARM
		Release|ARM64 = Release|ARM64
		Release|iPhone = Release|iPhone
		Release|iPhoneSimulator = Release|iPhoneSimulator
		Release|x64 = Release|x64
		Release|x86 = Release|x86
	EndGlobalSection
	GlobalSection(ProjectConfigurationPlatforms) = postSolution
		{C6D81C36-1953-47A2-A743-C407E15C9C4D}.Debug|Any CPU.ActiveCfg = Debug|Any CPU
		{C6D81C36-1953-47A2-A743-C407E15C9C4D}.Debug|Any CPU.Build.0 = Debug|Any CPU
		{C6D81C36-1953-47A2-A743-C407E15C9C4D}.Debug|Any CPU.Deploy.0 = Debug|Any CPU
		{C6D81C36-1953-47A2-A743-C407E15C9C4D}.Debug|ARM.ActiveCfg = Debug|Any CPU
		{C6D81C36-1953-47A2-A743-C407E15C9C4D}.Debug|ARM.Build.0 = Debug|Any CPU
		{C6D81C36-1953-47A2-A743-C407E15C9C4D}.Debug|ARM.Deploy.0 = Debug|Any CPU
		{C6D81C36-1953-47A2-A743-C407E15C9C4D}.Debug|ARM64.ActiveCfg = Debug|Any CPU
		{C6D81C36-1953-47A2-A743-C407E15C9C4D}.Debug|ARM64.Build.0 = Debug|Any CPU
		{C6D81C36-1953-47A2-A743-C407E15C9C4D}.Debug|ARM64.Deploy.0 = Debug|Any CPU
		{C6D81C36-1953-47A2-A743-C407E15C9C4D}.Debug|iPhone.ActiveCfg = Debug|Any CPU
		{C6D81C36-1953-47A2-A743-C407E15C9C4D}.Debug|iPhone.Build.0 = Debug|Any CPU
		{C6D81C36-1953-47A2-A743-C407E15C9C4D}.Debug|iPhone.Deploy.0 = Debug|Any CPU
		{C6D81C36-1953-47A2-A743-C407E15C9C4D}.Debug|iPhoneSimulator.ActiveCfg = Debug|Any CPU
		{C6D81C36-1953-47A2-A743-C407E15C9C4D}.Debug|iPhoneSimulator.Build.0 = Debug|Any CPU
		{C6D81C36-1953-47A2-A743-C407E15C9C4D}.Debug|iPhoneSimulator.Deploy.0 = Debug|Any CPU
		{C6D81C36-1953-47A2-A743-C407E15C9C4D}.Debug|x64.ActiveCfg = Debug|Any CPU
		{C6D81C36-1953-47A2-A743-C407E15C9C4D}.Debug|x64.Build.0 = Debug|Any CPU
		{C6D81C36-1953-47A2-A743-C407E15C9C4D}.Debug|x64.Deploy.0 = Debug|Any CPU
		{C6D81C36-1953-47A2-A743-C407E15C9C4D}.Debug|x86.ActiveCfg = Debug|Any CPU
		{C6D81C36-1953-47A2-A743-C407E15C9C4D}.Debug|x86.Build.0 = Debug|Any CPU
		{C6D81C36-1953-47A2-A743-C407E15C9C4D}.Debug|x86.Deploy.0 = Debug|Any CPU
		{C6D81C36-1953-47A2-A743-C407E15C9C4D}.Release|Any CPU.ActiveCfg = Release|Any CPU
		{C6D81C36-1953-47A2-A743-C407E15C9C4D}.Release|Any CPU.Build.0 = Release|Any CPU
		{C6D81C36-1953-47A2-A743-C407E15C9C4D}.Release|Any CPU.Deploy.0 = Release|Any CPU
		{C6D81C36-1953-47A2-A743-C407E15C9C4D}.Release|ARM.ActiveCfg = Release|Any CPU
		{C6D81C36-1953-47A2-A743-C407E15C9C4D}.Release|ARM.Build.0 = Release|Any CPU
		{C6D81C36-1953-47A2-A743-C407E15C9C4D}.Release|ARM.Deploy.0 = Release|Any CPU
		{C6D81C36-1953-47A2-A743-C407E15C9C4D}.Release|ARM64.ActiveCfg = Release|Any CPU
		{C6D81C36-1953-47A2-A743-C407E15C9C4D}.Release|ARM64.Build.0 = Release|Any CPU
		{C6D81C36-1953-47A2-A743-C407E15C9C4D}.Release|ARM64.Deploy.0 = Release|Any CPU
		{C6D81C36-1953-47A2-A743-C407E15C9C4D}.Release|iPhone.ActiveCfg = Release|Any CPU
		{C6D81C36-1953-47A2-A743-C407E15C9C4D}.Release|iPhone.Build.0 = Release|Any CPU
		{C6D81C36-1953-47A2-A743-C407E15C9C4D}.Release|iPhone.Deploy.0 = Release|Any CPU
		{C6D81C36-1953-47A2-A743-C407E15C9C4D}.Release|iPhoneSimulator.ActiveCfg = Release|Any CPU
		{C6D81C36-1953-47A2-A743-C407E15C9C4D}.Release|iPhoneSimulator.Build.0 = Release|Any CPU
		{C6D81C36-1953-47A2-A743-C407E15C9C4D}.Release|iPhoneSimulator.Deploy.0 = Release|Any CPU
		{C6D81C36-1953-47A2-A743-C407E15C9C4D}.Release|x64.ActiveCfg = Release|Any CPU
		{C6D81C36-1953-47A2-A743-C407E15C9C4D}.Release|x64.Build.0 = Release|Any CPU
		{C6D81C36-1953-47A2-A743-C407E15C9C4D}.Release|x64.Deploy.0 = Release|Any CPU
		{C6D81C36-1953-47A2-A743-C407E15C9C4D}.Release|x86.ActiveCfg = Release|Any CPU
		{C6D81C36-1953-47A2-A743-C407E15C9C4D}.Release|x86.Build.0 = Release|Any CPU
		{C6D81C36-1953-47A2-A743-C407E15C9C4D}.Release|x86.Deploy.0 = Release|Any CPU
		{026E21EE-4F64-4B45-892E-C40D434DBF80}.Debug|Any CPU.ActiveCfg = Debug|iPhoneSimulator
		{026E21EE-4F64-4B45-892E-C40D434DBF80}.Debug|ARM.ActiveCfg = Debug|iPhoneSimulator
		{026E21EE-4F64-4B45-892E-C40D434DBF80}.Debug|ARM64.ActiveCfg = Debug|iPhoneSimulator
		{026E21EE-4F64-4B45-892E-C40D434DBF80}.Debug|iPhone.ActiveCfg = Debug|iPhone
		{026E21EE-4F64-4B45-892E-C40D434DBF80}.Debug|iPhone.Build.0 = Debug|iPhone
		{026E21EE-4F64-4B45-892E-C40D434DBF80}.Debug|iPhoneSimulator.ActiveCfg = Debug|iPhoneSimulator
		{026E21EE-4F64-4B45-892E-C40D434DBF80}.Debug|iPhoneSimulator.Build.0 = Debug|iPhoneSimulator
		{026E21EE-4F64-4B45-892E-C40D434DBF80}.Debug|x64.ActiveCfg = Debug|iPhoneSimulator
		{026E21EE-4F64-4B45-892E-C40D434DBF80}.Debug|x86.ActiveCfg = Debug|iPhoneSimulator
		{026E21EE-4F64-4B45-892E-C40D434DBF80}.Release|Any CPU.ActiveCfg = Release|iPhoneSimulator
		{026E21EE-4F64-4B45-892E-C40D434DBF80}.Release|ARM.ActiveCfg = Release|iPhoneSimulator
		{026E21EE-4F64-4B45-892E-C40D434DBF80}.Release|ARM64.ActiveCfg = Release|iPhoneSimulator
		{026E21EE-4F64-4B45-892E-C40D434DBF80}.Release|iPhone.ActiveCfg = Release|iPhone
		{026E21EE-4F64-4B45-892E-C40D434DBF80}.Release|iPhone.Build.0 = Release|iPhone
		{026E21EE-4F64-4B45-892E-C40D434DBF80}.Release|iPhoneSimulator.ActiveCfg = Release|iPhoneSimulator
		{026E21EE-4F64-4B45-892E-C40D434DBF80}.Release|iPhoneSimulator.Build.0 = Release|iPhoneSimulator
		{026E21EE-4F64-4B45-892E-C40D434DBF80}.Release|x64.ActiveCfg = Release|iPhoneSimulator
		{026E21EE-4F64-4B45-892E-C40D434DBF80}.Release|x86.ActiveCfg = Release|iPhoneSimulator
		{0592041E-AA6C-4A15-B674-0AB284C2C58B}.Debug|Any CPU.ActiveCfg = Debug|Any CPU
		{0592041E-AA6C-4A15-B674-0AB284C2C58B}.Debug|Any CPU.Build.0 = Debug|Any CPU
		{0592041E-AA6C-4A15-B674-0AB284C2C58B}.Debug|ARM.ActiveCfg = Debug|Any CPU
		{0592041E-AA6C-4A15-B674-0AB284C2C58B}.Debug|ARM.Build.0 = Debug|Any CPU
		{0592041E-AA6C-4A15-B674-0AB284C2C58B}.Debug|ARM64.ActiveCfg = Debug|Any CPU
		{0592041E-AA6C-4A15-B674-0AB284C2C58B}.Debug|ARM64.Build.0 = Debug|Any CPU
		{0592041E-AA6C-4A15-B674-0AB284C2C58B}.Debug|iPhone.ActiveCfg = Debug|Any CPU
		{0592041E-AA6C-4A15-B674-0AB284C2C58B}.Debug|iPhone.Build.0 = Debug|Any CPU
		{0592041E-AA6C-4A15-B674-0AB284C2C58B}.Debug|iPhoneSimulator.ActiveCfg = Debug|Any CPU
		{0592041E-AA6C-4A15-B674-0AB284C2C58B}.Debug|iPhoneSimulator.Build.0 = Debug|Any CPU
		{0592041E-AA6C-4A15-B674-0AB284C2C58B}.Debug|x64.ActiveCfg = Debug|Any CPU
		{0592041E-AA6C-4A15-B674-0AB284C2C58B}.Debug|x64.Build.0 = Debug|Any CPU
		{0592041E-AA6C-4A15-B674-0AB284C2C58B}.Debug|x86.ActiveCfg = Debug|Any CPU
		{0592041E-AA6C-4A15-B674-0AB284C2C58B}.Debug|x86.Build.0 = Debug|Any CPU
		{0592041E-AA6C-4A15-B674-0AB284C2C58B}.Release|Any CPU.ActiveCfg = Release|Any CPU
		{0592041E-AA6C-4A15-B674-0AB284C2C58B}.Release|Any CPU.Build.0 = Release|Any CPU
		{0592041E-AA6C-4A15-B674-0AB284C2C58B}.Release|ARM.ActiveCfg = Release|Any CPU
		{0592041E-AA6C-4A15-B674-0AB284C2C58B}.Release|ARM.Build.0 = Release|Any CPU
		{0592041E-AA6C-4A15-B674-0AB284C2C58B}.Release|ARM64.ActiveCfg = Release|Any CPU
		{0592041E-AA6C-4A15-B674-0AB284C2C58B}.Release|ARM64.Build.0 = Release|Any CPU
		{0592041E-AA6C-4A15-B674-0AB284C2C58B}.Release|iPhone.ActiveCfg = Release|Any CPU
		{0592041E-AA6C-4A15-B674-0AB284C2C58B}.Release|iPhone.Build.0 = Release|Any CPU
		{0592041E-AA6C-4A15-B674-0AB284C2C58B}.Release|iPhoneSimulator.ActiveCfg = Release|Any CPU
		{0592041E-AA6C-4A15-B674-0AB284C2C58B}.Release|iPhoneSimulator.Build.0 = Release|Any CPU
		{0592041E-AA6C-4A15-B674-0AB284C2C58B}.Release|x64.ActiveCfg = Release|Any CPU
		{0592041E-AA6C-4A15-B674-0AB284C2C58B}.Release|x64.Build.0 = Release|Any CPU
		{0592041E-AA6C-4A15-B674-0AB284C2C58B}.Release|x86.ActiveCfg = Release|Any CPU
		{0592041E-AA6C-4A15-B674-0AB284C2C58B}.Release|x86.Build.0 = Release|Any CPU
		{011B74D7-3AEE-4793-B902-97EAD923829A}.Debug|Any CPU.ActiveCfg = Debug|Any CPU
		{011B74D7-3AEE-4793-B902-97EAD923829A}.Debug|Any CPU.Build.0 = Debug|Any CPU
		{011B74D7-3AEE-4793-B902-97EAD923829A}.Debug|Any CPU.Deploy.0 = Debug|Any CPU
		{011B74D7-3AEE-4793-B902-97EAD923829A}.Debug|ARM.ActiveCfg = Debug|Any CPU
		{011B74D7-3AEE-4793-B902-97EAD923829A}.Debug|ARM.Build.0 = Debug|Any CPU
		{011B74D7-3AEE-4793-B902-97EAD923829A}.Debug|ARM.Deploy.0 = Debug|Any CPU
		{011B74D7-3AEE-4793-B902-97EAD923829A}.Debug|ARM64.ActiveCfg = Debug|Any CPU
		{011B74D7-3AEE-4793-B902-97EAD923829A}.Debug|ARM64.Build.0 = Debug|Any CPU
		{011B74D7-3AEE-4793-B902-97EAD923829A}.Debug|ARM64.Deploy.0 = Debug|Any CPU
		{011B74D7-3AEE-4793-B902-97EAD923829A}.Debug|iPhone.ActiveCfg = Debug|Any CPU
		{011B74D7-3AEE-4793-B902-97EAD923829A}.Debug|iPhone.Build.0 = Debug|Any CPU
		{011B74D7-3AEE-4793-B902-97EAD923829A}.Debug|iPhone.Deploy.0 = Debug|Any CPU
		{011B74D7-3AEE-4793-B902-97EAD923829A}.Debug|iPhoneSimulator.ActiveCfg = Debug|Any CPU
		{011B74D7-3AEE-4793-B902-97EAD923829A}.Debug|iPhoneSimulator.Build.0 = Debug|Any CPU
		{011B74D7-3AEE-4793-B902-97EAD923829A}.Debug|iPhoneSimulator.Deploy.0 = Debug|Any CPU
		{011B74D7-3AEE-4793-B902-97EAD923829A}.Debug|x64.ActiveCfg = Debug|Any CPU
		{011B74D7-3AEE-4793-B902-97EAD923829A}.Debug|x64.Build.0 = Debug|Any CPU
		{011B74D7-3AEE-4793-B902-97EAD923829A}.Debug|x64.Deploy.0 = Debug|Any CPU
		{011B74D7-3AEE-4793-B902-97EAD923829A}.Debug|x86.ActiveCfg = Debug|Any CPU
		{011B74D7-3AEE-4793-B902-97EAD923829A}.Debug|x86.Build.0 = Debug|Any CPU
		{011B74D7-3AEE-4793-B902-97EAD923829A}.Debug|x86.Deploy.0 = Debug|Any CPU
		{011B74D7-3AEE-4793-B902-97EAD923829A}.Release|Any CPU.ActiveCfg = Release|Any CPU
		{011B74D7-3AEE-4793-B902-97EAD923829A}.Release|Any CPU.Build.0 = Release|Any CPU
		{011B74D7-3AEE-4793-B902-97EAD923829A}.Release|Any CPU.Deploy.0 = Release|Any CPU
		{011B74D7-3AEE-4793-B902-97EAD923829A}.Release|ARM.ActiveCfg = Release|Any CPU
		{011B74D7-3AEE-4793-B902-97EAD923829A}.Release|ARM.Build.0 = Release|Any CPU
		{011B74D7-3AEE-4793-B902-97EAD923829A}.Release|ARM.Deploy.0 = Release|Any CPU
		{011B74D7-3AEE-4793-B902-97EAD923829A}.Release|ARM64.ActiveCfg = Release|Any CPU
		{011B74D7-3AEE-4793-B902-97EAD923829A}.Release|ARM64.Build.0 = Release|Any CPU
		{011B74D7-3AEE-4793-B902-97EAD923829A}.Release|ARM64.Deploy.0 = Release|Any CPU
		{011B74D7-3AEE-4793-B902-97EAD923829A}.Release|iPhone.ActiveCfg = Release|Any CPU
		{011B74D7-3AEE-4793-B902-97EAD923829A}.Release|iPhone.Build.0 = Release|Any CPU
		{011B74D7-3AEE-4793-B902-97EAD923829A}.Release|iPhone.Deploy.0 = Release|Any CPU
		{011B74D7-3AEE-4793-B902-97EAD923829A}.Release|iPhoneSimulator.ActiveCfg = Release|Any CPU
		{011B74D7-3AEE-4793-B902-97EAD923829A}.Release|iPhoneSimulator.Build.0 = Release|Any CPU
		{011B74D7-3AEE-4793-B902-97EAD923829A}.Release|iPhoneSimulator.Deploy.0 = Release|Any CPU
		{011B74D7-3AEE-4793-B902-97EAD923829A}.Release|x64.ActiveCfg = Release|Any CPU
		{011B74D7-3AEE-4793-B902-97EAD923829A}.Release|x64.Build.0 = Release|Any CPU
		{011B74D7-3AEE-4793-B902-97EAD923829A}.Release|x64.Deploy.0 = Release|Any CPU
		{011B74D7-3AEE-4793-B902-97EAD923829A}.Release|x86.ActiveCfg = Release|Any CPU
		{011B74D7-3AEE-4793-B902-97EAD923829A}.Release|x86.Build.0 = Release|Any CPU
		{011B74D7-3AEE-4793-B902-97EAD923829A}.Release|x86.Deploy.0 = Release|Any CPU
		{DE320000-30C2-476F-ABF8-28AA7A827A37}.Debug|Any CPU.ActiveCfg = Debug|iPhoneSimulator
		{DE320000-30C2-476F-ABF8-28AA7A827A37}.Debug|ARM.ActiveCfg = Debug|iPhoneSimulator
		{DE320000-30C2-476F-ABF8-28AA7A827A37}.Debug|ARM64.ActiveCfg = Debug|iPhoneSimulator
		{DE320000-30C2-476F-ABF8-28AA7A827A37}.Debug|iPhone.ActiveCfg = Debug|iPhone
		{DE320000-30C2-476F-ABF8-28AA7A827A37}.Debug|iPhone.Build.0 = Debug|iPhone
		{DE320000-30C2-476F-ABF8-28AA7A827A37}.Debug|iPhoneSimulator.ActiveCfg = Debug|iPhoneSimulator
		{DE320000-30C2-476F-ABF8-28AA7A827A37}.Debug|iPhoneSimulator.Build.0 = Debug|iPhoneSimulator
		{DE320000-30C2-476F-ABF8-28AA7A827A37}.Debug|x64.ActiveCfg = Debug|iPhoneSimulator
		{DE320000-30C2-476F-ABF8-28AA7A827A37}.Debug|x86.ActiveCfg = Debug|iPhoneSimulator
		{DE320000-30C2-476F-ABF8-28AA7A827A37}.Release|Any CPU.ActiveCfg = Release|iPhoneSimulator
		{DE320000-30C2-476F-ABF8-28AA7A827A37}.Release|ARM.ActiveCfg = Release|iPhoneSimulator
		{DE320000-30C2-476F-ABF8-28AA7A827A37}.Release|ARM64.ActiveCfg = Release|iPhoneSimulator
		{DE320000-30C2-476F-ABF8-28AA7A827A37}.Release|iPhone.ActiveCfg = Release|iPhone
		{DE320000-30C2-476F-ABF8-28AA7A827A37}.Release|iPhone.Build.0 = Release|iPhone
		{DE320000-30C2-476F-ABF8-28AA7A827A37}.Release|iPhoneSimulator.ActiveCfg = Release|iPhoneSimulator
		{DE320000-30C2-476F-ABF8-28AA7A827A37}.Release|iPhoneSimulator.Build.0 = Release|iPhoneSimulator
		{DE320000-30C2-476F-ABF8-28AA7A827A37}.Release|x64.ActiveCfg = Release|iPhoneSimulator
		{DE320000-30C2-476F-ABF8-28AA7A827A37}.Release|x86.ActiveCfg = Release|iPhoneSimulator
		{973170DE-AEE8-494A-8410-FF9B8910BD78}.Debug|Any CPU.ActiveCfg = Debug|Any CPU
		{973170DE-AEE8-494A-8410-FF9B8910BD78}.Debug|Any CPU.Build.0 = Debug|Any CPU
		{973170DE-AEE8-494A-8410-FF9B8910BD78}.Debug|ARM.ActiveCfg = Debug|Any CPU
		{973170DE-AEE8-494A-8410-FF9B8910BD78}.Debug|ARM.Build.0 = Debug|Any CPU
		{973170DE-AEE8-494A-8410-FF9B8910BD78}.Debug|ARM64.ActiveCfg = Debug|Any CPU
		{973170DE-AEE8-494A-8410-FF9B8910BD78}.Debug|ARM64.Build.0 = Debug|Any CPU
		{973170DE-AEE8-494A-8410-FF9B8910BD78}.Debug|iPhone.ActiveCfg = Debug|Any CPU
		{973170DE-AEE8-494A-8410-FF9B8910BD78}.Debug|iPhone.Build.0 = Debug|Any CPU
		{973170DE-AEE8-494A-8410-FF9B8910BD78}.Debug|iPhoneSimulator.ActiveCfg = Debug|Any CPU
		{973170DE-AEE8-494A-8410-FF9B8910BD78}.Debug|iPhoneSimulator.Build.0 = Debug|Any CPU
		{973170DE-AEE8-494A-8410-FF9B8910BD78}.Debug|x64.ActiveCfg = Debug|Any CPU
		{973170DE-AEE8-494A-8410-FF9B8910BD78}.Debug|x64.Build.0 = Debug|Any CPU
		{973170DE-AEE8-494A-8410-FF9B8910BD78}.Debug|x86.ActiveCfg = Debug|Any CPU
		{973170DE-AEE8-494A-8410-FF9B8910BD78}.Debug|x86.Build.0 = Debug|Any CPU
		{973170DE-AEE8-494A-8410-FF9B8910BD78}.Release|Any CPU.ActiveCfg = Release|Any CPU
		{973170DE-AEE8-494A-8410-FF9B8910BD78}.Release|Any CPU.Build.0 = Release|Any CPU
		{973170DE-AEE8-494A-8410-FF9B8910BD78}.Release|ARM.ActiveCfg = Release|Any CPU
		{973170DE-AEE8-494A-8410-FF9B8910BD78}.Release|ARM.Build.0 = Release|Any CPU
		{973170DE-AEE8-494A-8410-FF9B8910BD78}.Release|ARM64.ActiveCfg = Release|Any CPU
		{973170DE-AEE8-494A-8410-FF9B8910BD78}.Release|ARM64.Build.0 = Release|Any CPU
		{973170DE-AEE8-494A-8410-FF9B8910BD78}.Release|iPhone.ActiveCfg = Release|Any CPU
		{973170DE-AEE8-494A-8410-FF9B8910BD78}.Release|iPhone.Build.0 = Release|Any CPU
		{973170DE-AEE8-494A-8410-FF9B8910BD78}.Release|iPhoneSimulator.ActiveCfg = Release|Any CPU
		{973170DE-AEE8-494A-8410-FF9B8910BD78}.Release|iPhoneSimulator.Build.0 = Release|Any CPU
		{973170DE-AEE8-494A-8410-FF9B8910BD78}.Release|x64.ActiveCfg = Release|Any CPU
		{973170DE-AEE8-494A-8410-FF9B8910BD78}.Release|x64.Build.0 = Release|Any CPU
		{973170DE-AEE8-494A-8410-FF9B8910BD78}.Release|x86.ActiveCfg = Release|Any CPU
		{973170DE-AEE8-494A-8410-FF9B8910BD78}.Release|x86.Build.0 = Release|Any CPU
		{B7DB361A-EF70-4782-AA77-84F205D224A5}.Debug|Any CPU.ActiveCfg = Debug|x86
		{B7DB361A-EF70-4782-AA77-84F205D224A5}.Debug|ARM.ActiveCfg = Debug|ARM
		{B7DB361A-EF70-4782-AA77-84F205D224A5}.Debug|ARM.Build.0 = Debug|ARM
		{B7DB361A-EF70-4782-AA77-84F205D224A5}.Debug|ARM.Deploy.0 = Debug|ARM
		{B7DB361A-EF70-4782-AA77-84F205D224A5}.Debug|ARM64.ActiveCfg = Debug|ARM64
		{B7DB361A-EF70-4782-AA77-84F205D224A5}.Debug|ARM64.Build.0 = Debug|ARM64
		{B7DB361A-EF70-4782-AA77-84F205D224A5}.Debug|ARM64.Deploy.0 = Debug|ARM64
		{B7DB361A-EF70-4782-AA77-84F205D224A5}.Debug|iPhone.ActiveCfg = Debug|x86
		{B7DB361A-EF70-4782-AA77-84F205D224A5}.Debug|iPhoneSimulator.ActiveCfg = Debug|x86
		{B7DB361A-EF70-4782-AA77-84F205D224A5}.Debug|x64.ActiveCfg = Debug|x64
		{B7DB361A-EF70-4782-AA77-84F205D224A5}.Debug|x64.Build.0 = Debug|x64
		{B7DB361A-EF70-4782-AA77-84F205D224A5}.Debug|x64.Deploy.0 = Debug|x64
		{B7DB361A-EF70-4782-AA77-84F205D224A5}.Debug|x86.ActiveCfg = Debug|x86
		{B7DB361A-EF70-4782-AA77-84F205D224A5}.Debug|x86.Build.0 = Debug|x86
		{B7DB361A-EF70-4782-AA77-84F205D224A5}.Debug|x86.Deploy.0 = Debug|x86
		{B7DB361A-EF70-4782-AA77-84F205D224A5}.Release|Any CPU.ActiveCfg = Release|x86
		{B7DB361A-EF70-4782-AA77-84F205D224A5}.Release|ARM.ActiveCfg = Release|ARM
		{B7DB361A-EF70-4782-AA77-84F205D224A5}.Release|ARM.Build.0 = Release|ARM
		{B7DB361A-EF70-4782-AA77-84F205D224A5}.Release|ARM.Deploy.0 = Release|ARM
		{B7DB361A-EF70-4782-AA77-84F205D224A5}.Release|ARM64.ActiveCfg = Release|ARM64
		{B7DB361A-EF70-4782-AA77-84F205D224A5}.Release|ARM64.Build.0 = Release|ARM64
		{B7DB361A-EF70-4782-AA77-84F205D224A5}.Release|ARM64.Deploy.0 = Release|ARM64
		{B7DB361A-EF70-4782-AA77-84F205D224A5}.Release|iPhone.ActiveCfg = Release|x86
		{B7DB361A-EF70-4782-AA77-84F205D224A5}.Release|iPhoneSimulator.ActiveCfg = Release|x86
		{B7DB361A-EF70-4782-AA77-84F205D224A5}.Release|x64.ActiveCfg = Release|x64
		{B7DB361A-EF70-4782-AA77-84F205D224A5}.Release|x64.Build.0 = Release|x64
		{B7DB361A-EF70-4782-AA77-84F205D224A5}.Release|x64.Deploy.0 = Release|x64
		{B7DB361A-EF70-4782-AA77-84F205D224A5}.Release|x86.ActiveCfg = Release|x86
		{B7DB361A-EF70-4782-AA77-84F205D224A5}.Release|x86.Build.0 = Release|x86
		{B7DB361A-EF70-4782-AA77-84F205D224A5}.Release|x86.Deploy.0 = Release|x86
	EndGlobalSection
	GlobalSection(SolutionProperties) = preSolution
		HideSolutionNode = FALSE
	EndGlobalSection
	GlobalSection(NestedProjects) = preSolution
		{E91D0DE1-8BEC-4ECA-B99A-560A7B87255D} = {ED387F53-E399-4035-8AB1-7BCBEB3EA254}
		{E7BDEE9D-F2C8-4255-A7CE-845EFEE4EFC8} = {ED387F53-E399-4035-8AB1-7BCBEB3EA254}
		{AF648268-8E54-4885-8DF1-2861049295B7} = {ED387F53-E399-4035-8AB1-7BCBEB3EA254}
		{E3EEA765-8FED-4510-939A-34A9F6F45E0D} = {AF648268-8E54-4885-8DF1-2861049295B7}
		{DAF641B7-CA12-4CA8-AA0C-25FE3276784C} = {AF648268-8E54-4885-8DF1-2861049295B7}
		{C6D81C36-1953-47A2-A743-C407E15C9C4D} = {E3EEA765-8FED-4510-939A-34A9F6F45E0D}
		{026E21EE-4F64-4B45-892E-C40D434DBF80} = {E3EEA765-8FED-4510-939A-34A9F6F45E0D}
		{0592041E-AA6C-4A15-B674-0AB284C2C58B} = {E3EEA765-8FED-4510-939A-34A9F6F45E0D}
		{011B74D7-3AEE-4793-B902-97EAD923829A} = {DAF641B7-CA12-4CA8-AA0C-25FE3276784C}
		{DE320000-30C2-476F-ABF8-28AA7A827A37} = {DAF641B7-CA12-4CA8-AA0C-25FE3276784C}
		{973170DE-AEE8-494A-8410-FF9B8910BD78} = {E7BDEE9D-F2C8-4255-A7CE-845EFEE4EFC8}
		{B7DB361A-EF70-4782-AA77-84F205D224A5} = {E91D0DE1-8BEC-4ECA-B99A-560A7B87255D}
	EndGlobalSection
	GlobalSection(ExtensibilityGlobals) = postSolution
		SolutionGuid = {50970438-A51B-4443-AA6B-9AA93AC3EC7D}
	EndGlobalSection
EndGlobal
